PODS:
  - AliModule (0.1.0):
    - AliModule/AliPush (= 0.1.0)
    - AliModule/AliRTC (= 0.1.0)
  - AliModule/AliPush (0.1.0)
  - AliModule/AliRTC (0.1.0)

DEPENDENCIES:
  - AliModule (from `../`)

EXTERNAL SOURCES:
  AliModule:
    :path: "../"

SPEC CHECKSUMS:
  AliModule: a888961daeb3edb611d1723a1a46e5995376b8f7

PODFILE CHECKSUM: ed3fe1b8cb2592d82e7b34137e7fea317f938371

COCOAPODS: 1.7.3
